// !$*UTF8*$!
{
	archiveVersion = 1;
	classes = {
	};
	objectVersion = 46;
	objects = {

/* Begin PBXBuildFile section */
		F93E29D21EE87FF800841C74 /* AppDelegate.swift in Sources */ = {isa = PBXBuildFile; fileRef = F93E29D11EE87FF800841C74 /* AppDelegate.swift */; };
		F93E29D41EE87FF800841C74 /* ViewController.swift in Sources */ = {isa = PBXBuildFile; fileRef = F93E29D31EE87FF800841C74 /* ViewController.swift */; };
		F93E29D71EE87FF800841C74 /* Main.storyboard in Resources */ = {isa = PBXBuildFile; fileRef = F93E29D51EE87FF800841C74 /* Main.storyboard */; };
		F93E29DA1EE87FF900841C74 /* JSON_IOS.xcdatamodeld in Sources */ = {isa = PBXBuildFile; fileRef = F93E29D81EE87FF900841C74 /* JSON_IOS.xcdatamodeld */; };
		F93E29DC1EE87FF900841C74 /* Assets.xcassets in Resources */ = {isa = PBXBuildFile; fileRef = F93E29DB1EE87FF900841C74 /* Assets.xcassets */; };
		F93E29DF1EE87FF900841C74 /* LaunchScreen.storyboard in Resources */ = {isa = PBXBuildFile; fileRef = F93E29DD1EE87FF900841C74 /* LaunchScreen.storyboard */; };
		F93E29EA1EE87FFB00841C74 /* JSON_IOSTests.swift in Sources */ = {isa = PBXBuildFile; fileRef = F93E29E91EE87FFB00841C74 /* JSON_IOSTests.swift */; };
		F93E29F51EE87FFB00841C74 /* JSON_IOSUITests.swift in Sources */ = {isa = PBXBuildFile; fileRef = F93E29F41EE87FFB00841C74 /* JSON_IOSUITests.swift */; };
/* End PBXBuildFile section */

/* Begin PBXContainerItemProxy section */
		F93E29E61EE87FFB00841C74 /* PBXContainerItemProxy */ = {
			isa = PBXContainerItemProxy;
			containerPortal = F93E29C61EE87FF700841C74 /* Project object */;
			proxyType = 1;
			remoteGlobalIDString = F93E29CD1EE87FF700841C74;
			remoteInfo = JSON_IOS;
		};
		F93E29F11EE87FFB00841C74 /* PBXContainerItemProxy */ = {
			isa = PBXContainerItemProxy;
			containerPortal = F93E29C61EE87FF700841C74 /* Project object */;
			proxyType = 1;
			remoteGlobalIDString = F93E29CD1EE87FF700841C74;
			remoteInfo = JSON_IOS;
		};
/* End PBXContainerItemProxy section */

/* Begin PBXFileReference section */
		F93E29CE1EE87FF700841C74 /* JSON_IOS.app */ = {isa = PBXFileReference; explicitFileType = wrapper.application; includeInIndex = 0; path = JSON_IOS.app; sourceTree = BUILT_PRODUCTS_DIR; };
		F93E29D11EE87FF800841C74 /* AppDelegate.swift */ = {isa = PBXFileReference; lastKnownFileType = sourcecode.swift; path = AppDelegate.swift; sourceTree = "<group>"; };
		F93E29D31EE87FF800841C74 /* ViewController.swift */ = {isa = PBXFileReference; lastKnownFileType = sourcecode.swift; path = ViewController.swift; sourceTree = "<group>"; };
		F93E29D61EE87FF800841C74 /* Base */ = {isa = PBXFileReference; lastKnownFileType = file.storyboard; name = Base; path = Base.lproj/Main.storyboard; sourceTree = "<group>"; };
		F93E29D91EE87FF900841C74 /* JSON_IOS.xcdatamodel */ = {isa = PBXFileReference; lastKnownFileType = wrapper.xcdatamodel; path = JSON_IOS.xcdatamodel; sourceTree = "<group>"; };
		F93E29DB1EE87FF900841C74 /* Assets.xcassets */ = {isa = PBXFileReference; lastKnownFileType = folder.assetcatalog; path = Assets.xcassets; sourceTree = "<group>"; };
		F93E29DE1EE87FF900841C74 /* Base */ = {isa = PBXFileReference; lastKnownFileType = file.storyboard; name = Base; path = Base.lproj/LaunchScreen.storyboard; sourceTree = "<group>"; };
		F93E29E01EE87FF900841C74 /* Info.plist */ = {isa = PBXFileReference; lastKnownFileType = text.plist.xml; path = Info.plist; sourceTree = "<group>"; };
		F93E29E51EE87FFB00841C74 /* JSON_IOSTests.xctest */ = {isa = PBXFileReference; explicitFileType = wrapper.cfbundle; includeInIndex = 0; path = JSON_IOSTests.xctest; sourceTree = BUILT_PRODUCTS_DIR; };
		F93E29E91EE87FFB00841C74 /* JSON_IOSTests.swift */ = {isa = PBXFileReference; lastKnownFileType = sourcecode.swift; path = JSON_IOSTests.swift; sourceTree = "<group>"; };
		F93E29EB1EE87FFB00841C74 /* Info.plist */ = {isa = PBXFileReference; lastKnownFileType = text.plist.xml; path = Info.plist; sourceTree = "<group>"; };
		F93E29F01EE87FFB00841C74 /* JSON_IOSUITests.xctest */ = {isa = PBXFileReference; explicitFileType = wrapper.cfbundle; includeInIndex = 0; path = JSON_IOSUITests.xctest; sourceTree = BUILT_PRODUCTS_DIR; };
		F93E29F41EE87FFB00841C74 /* JSON_IOSUITests.swift */ = {isa = PBXFileReference; lastKnownFileType = sourcecode.swift; path = JSON_IOSUITests.swift; sourceTree = "<group>"; };
		F93E29F61EE87FFB00841C74 /* Info.plist */ = {isa = PBXFileReference; lastKnownFileType = text.plist.xml; path = Info.plist; sourceTree = "<group>"; };
/* End PBXFileReference section */

/* Begin PBXFrameworksBuildPhase section */
		F93E29CB1EE87FF700841C74 /* Frameworks */ = {
			isa = PBXFrameworksBuildPhase;
			buildActionMask = 2147483647;
			files = (
			);
			runOnlyForDeploymentPostprocessing = 0;
		};
		F93E29E21EE87FFB00841C74 /* Frameworks */ = {
			isa = PBXFrameworksBuildPhase;
			buildActionMask = 2147483647;
			files = (
			);
			runOnlyForDeploymentPostprocessing = 0;
		};
		F93E29ED1EE87FFB00841C74 /* Frameworks */ = {
			isa = PBXFrameworksBuildPhase;
			buildActionMask = 2147483647;
			files = (
			);
			runOnlyForDeploymentPostprocessing = 0;
		};
/* End PBXFrameworksBuildPhase section */

/* Begin PBXGroup section */
		F93E29C51EE87FF700841C74 = {
			isa = PBXGroup;
			children = (
				F93E29D01EE87FF700841C74 /* JSON_IOS */,
				F93E29E81EE87FFB00841C74 /* JSON_IOSTests */,
				F93E29F31EE87FFB00841C74 /* JSON_IOSUITests */,
				F93E29CF1EE87FF700841C74 /* Products */,
			);
			sourceTree = "<group>";
		};
		F93E29CF1EE87FF700841C74 /* Products */ = {
			isa = PBXGroup;
			children = (
				F93E29CE1EE87FF700841C74 /* JSON_IOS.app */,
				F93E29E51EE87FFB00841C74 /* JSON_IOSTests.xctest */,
				F93E29F01EE87FFB00841C74 /* JSON_IOSUITests.xctest */,
			);
			name = Products;
			sourceTree = "<group>";
		};
		F93E29D01EE87FF700841C74 /* JSON_IOS */ = {
			isa = PBXGroup;
			children = (
				F93E29D11EE87FF800841C74 /* AppDelegate.swift */,
				F93E29D31EE87FF800841C74 /* ViewController.swift */,
				F93E29D51EE87FF800841C74 /* Main.storyboard */,
				F93E29DB1EE87FF900841C74 /* Assets.xcassets */,
				F93E29DD1EE87FF900841C74 /* LaunchScreen.storyboard */,
				F93E29E01EE87FF900841C74 /* Info.plist */,
				F93E29D81EE87FF900841C74 /* JSON_IOS.xcdatamodeld */,
			);
			path = JSON_IOS;
			sourceTree = "<group>";
		};
		F93E29E81EE87FFB00841C74 /* JSON_IOSTests */ = {
			isa = PBXGroup;
			children = (
				F93E29E91EE87FFB00841C74 /* JSON_IOSTests.swift */,
				F93E29EB1EE87FFB00841C74 /* Info.plist */,
			);
			path = JSON_IOSTests;
			sourceTree = "<group>";
		};
		F93E29F31EE87FFB00841C74 /* JSON_IOSUITests */ = {
			isa = PBXGroup;
			children = (
				F93E29F41EE87FFB00841C74 /* JSON_IOSUITests.swift */,
				F93E29F61EE87FFB00841C74 /* Info.plist */,
			);
			path = JSON_IOSUITests;
			sourceTree = "<group>";
		};
/* End PBXGroup section */

/* Begin PBXNativeTarget section */
		F93E29CD1EE87FF700841C74 /* JSON_IOS */ = {
			isa = PBXNativeTarget;
			buildConfigurationList = F93E29F91EE87FFB00841C74 /* Build configuration list for PBXNativeTarget "JSON_IOS" */;
			buildPhases = (
				F93E29CA1EE87FF700841C74 /* Sources */,
				F93E29CB1EE87FF700841C74 /* Frameworks */,
				F93E29CC1EE87FF700841C74 /* Resources */,
			);
			buildRules = (
			);
			dependencies = (
			);
			name = JSON_IOS;
			productName = JSON_IOS;
			productReference = F93E29CE1EE87FF700841C74 /* JSON_IOS.app */;
			productType = "com.apple.product-type.application";
		};
		F93E29E41EE87FFB00841C74 /* JSON_IOSTests */ = {
			isa = PBXNativeTarget;
			buildConfigurationList = F93E29FC1EE87FFB00841C74 /* Build configuration list for PBXNativeTarget "JSON_IOSTests" */;
			buildPhases = (
				F93E29E11EE87FFB00841C74 /* Sources */,
				F93E29E21EE87FFB00841C74 /* Frameworks */,
				F93E29E31EE87FFB00841C74 /* Resources */,
			);
			buildRules = (
			);
			dependencies = (
				F93E29E71EE87FFB00841C74 /* PBXTargetDependency */,
			);
			name = JSON_IOSTests;
			productName = JSON_IOSTests;
			productReference = F93E29E51EE87FFB00841C74 /* JSON_IOSTests.xctest */;
			productType = "com.apple.product-type.bundle.unit-test";
		};
		F93E29EF1EE87FFB00841C74 /* JSON_IOSUITests */ = {
			isa = PBXNativeTarget;
			buildConfigurationList = F93E29FF1EE87FFB00841C74 /* Build configuration list for PBXNativeTarget "JSON_IOSUITests" */;
			buildPhases = (
				F93E29EC1EE87FFB00841C74 /* Sources */,
				F93E29ED1EE87FFB00841C74 /* Frameworks */,
				F93E29EE1EE87FFB00841C74 /* Resources */,
			);
			buildRules = (
			);
			dependencies = (
				F93E29F21EE87FFB00841C74 /* PBXTargetDependency */,
			);
			name = JSON_IOSUITests;
			productName = JSON_IOSUITests;
			productReference = F93E29F01EE87FFB00841C74 /* JSON_IOSUITests.xctest */;
			productType = "com.apple.product-type.bundle.ui-testing";
		};
/* End PBXNativeTarget section */

/* Begin PBXProject section */
		F93E29C61EE87FF700841C74 /* Project object */ = {
			isa = PBXProject;
			attributes = {
				LastSwiftUpdateCheck = 0830;
				LastUpgradeCheck = 0830;
				ORGANIZATIONNAME = "San Jose State University";
				TargetAttributes = {
					F93E29CD1EE87FF700841C74 = {
						CreatedOnToolsVersion = 8.3.2;
						ProvisioningStyle = Automatic;
					};
					F93E29E41EE87FFB00841C74 = {
						CreatedOnToolsVersion = 8.3.2;
						ProvisioningStyle = Automatic;
						TestTargetID = F93E29CD1EE87FF700841C74;
					};
					F93E29EF1EE87FFB00841C74 = {
						CreatedOnToolsVersion = 8.3.2;
						ProvisioningStyle = Automatic;
						TestTargetID = F93E29CD1EE87FF700841C74;
					};
				};
			};
			buildConfigurationList = F93E29C91EE87FF700841C74 /* Build configuration list for PBXProject "JSON_IOS" */;
			compatibilityVersion = "Xcode 3.2";
			developmentRegion = English;
			hasScannedForEncodings = 0;
			knownRegions = (
				en,
				Base,
			);
			mainGroup = F93E29C51EE87FF700841C74;
			productRefGroup = F93E29CF1EE87FF700841C74 /* Products */;
			projectDirPath = "";
			projectRoot = "";
			targets = (
				F93E29CD1EE87FF700841C74 /* JSON_IOS */,
				F93E29E41EE87FFB00841C74 /* JSON_IOSTests */,
				F93E29EF1EE87FFB00841C74 /* JSON_IOSUITests */,
			);
		};
/* End PBXProject section */

/* Begin PBXResourcesBuildPhase section */
		F93E29CC1EE87FF700841C74 /* Resources */ = {
			isa = PBXResourcesBuildPhase;
			buildActionMask = 2147483647;
			files = (
				F93E29DF1EE87FF900841C74 /* LaunchScreen.storyboard in Resources */,
				F93E29DC1EE87FF900841C74 /* Assets.xcassets in Resources */,
				F93E29D71EE87FF800841C74 /* Main.storyboard in Resources */,
			);
			runOnlyForDeploymentPostprocessing = 0;
		};
		F93E29E31EE87FFB00841C74 /* Resources */ = {
			isa = PBXResourcesBuildPhase;
			buildActionMask = 2147483647;
			files = (
			);
			runOnlyForDeploymentPostprocessing = 0;
		};
		F93E29EE1EE87FFB00841C74 /* Resources */ = {
			isa = PBXResourcesBuildPhase;
			buildActionMask = 2147483647;
			files = (
			);
			runOnlyForDeploymentPostprocessing = 0;
		};
/* End PBXResourcesBuildPhase section */

/* Begin PBXSourcesBuildPhase section */
		F93E29CA1EE87FF700841C74 /* Sources */ = {
			isa = PBXSourcesBuildPhase;
			buildActionMask = 2147483647;
			files = (
				F93E29D41EE87FF800841C74 /* ViewController.swift in Sources */,
				F93E29DA1EE87FF900841C74 /* JSON_IOS.xcdatamodeld in Sources */,
				F93E29D21EE87FF800841C74 /* AppDelegate.swift in Sources */,
			);
			runOnlyForDeploymentPostprocessing = 0;
		};
		F93E29E11EE87FFB00841C74 /* Sources */ = {
			isa = PBXSourcesBuildPhase;
			buildActionMask = 2147483647;
			files = (
				F93E29EA1EE87FFB00841C74 /* JSON_IOSTests.swift in Sources */,
			);
			runOnlyForDeploymentPostprocessing = 0;
		};
		F93E29EC1EE87FFB00841C74 /* Sources */ = {
			isa = PBXSourcesBuildPhase;
			buildActionMask = 2147483647;
			files = (
				F93E29F51EE87FFB00841C74 /* JSON_IOSUITests.swift in Sources */,
			);
			runOnlyForDeploymentPostprocessing = 0;
		};
/* End PBXSourcesBuildPhase section */

/* Begin PBXTargetDependency section */
		F93E29E71EE87FFB00841C74 /* PBXTargetDependency */ = {
			isa = PBXTargetDependency;
			target = F93E29CD1EE87FF700841C74 /* JSON_IOS */;
			targetProxy = F93E29E61EE87FFB00841C74 /* PBXContainerItemProxy */;
		};
		F93E29F21EE87FFB00841C74 /* PBXTargetDependency */ = {
			isa = PBXTargetDependency;
			target = F93E29CD1EE87FF700841C74 /* JSON_IOS */;
			targetProxy = F93E29F11EE87FFB00841C74 /* PBXContainerItemProxy */;
		};
/* End PBXTargetDependency section */

/* Begin PBXVariantGroup section */
		F93E29D51EE87FF800841C74 /* Main.storyboard */ = {
			isa = PBXVariantGroup;
			children = (
				F93E29D61EE87FF800841C74 /* Base */,
			);
			name = Main.storyboard;
			sourceTree = "<group>";
		};
		F93E29DD1EE87FF900841C74 /* LaunchScreen.storyboard */ = {
			isa = PBXVariantGroup;
			children = (
				F93E29DE1EE87FF900841C74 /* Base */,
			);
			name = LaunchScreen.storyboard;
			sourceTree = "<group>";
		};
/* End PBXVariantGroup section */

/* Begin XCBuildConfiguration section */
		F93E29F71EE87FFB00841C74 /* Debug */ = {
			isa = XCBuildConfiguration;
			buildSettings = {
				ALWAYS_SEARCH_USER_PATHS = NO;
				CLANG_ANALYZER_NONNULL = YES;
				CLANG_ANALYZER_NUMBER_OBJECT_CONVERSION = YES_AGGRESSIVE;
				CLANG_CXX_LANGUAGE_STANDARD = "gnu++0x";
				CLANG_CXX_LIBRARY = "libc++";
				CLANG_ENABLE_MODULES = YES;
				CLANG_ENABLE_OBJC_ARC = YES;
				CLANG_WARN_BOOL_CONVERSION = YES;
				CLANG_WARN_CONSTANT_CONVERSION = YES;
				CLANG_WARN_DIRECT_OBJC_ISA_USAGE = YES_ERROR;
				CLANG_WARN_DOCUMENTATION_COMMENTS = YES;
				CLANG_WARN_EMPTY_BODY = YES;
				CLANG_WARN_ENUM_CONVERSION = YES;
				CLANG_WARN_INFINITE_RECURSION = YES;
				CLANG_WARN_INT_CONVERSION = YES;
				CLANG_WARN_OBJC_ROOT_CLASS = YES_ERROR;
				CLANG_WARN_SUSPICIOUS_MOVE = YES;
				CLANG_WARN_UNREACHABLE_CODE = YES;
				CLANG_WARN__DUPLICATE_METHOD_MATCH = YES;
				"CODE_SIGN_IDENTITY[sdk=iphoneos*]" = "iPhone Developer";
				COPY_PHASE_STRIP = NO;
				DEBUG_INFORMATION_FORMAT = dwarf;
				ENABLE_STRICT_OBJC_MSGSEND = YES;
				ENABLE_TESTABILITY = YES;
				GCC_C_LANGUAGE_STANDARD = gnu99;
				GCC_DYNAMIC_NO_PIC = NO;
				GCC_NO_COMMON_BLOCKS = YES;
				GCC_OPTIMIZATION_LEVEL = 0;
				GCC_PREPROCESSOR_DEFINITIONS = (
					"DEBUG=1",
					"$(inherited)",
				);
				GCC_WARN_64_TO_32_BIT_CONVERSION = YES;
				GCC_WARN_ABOUT_RETURN_TYPE = YES_ERROR;
				GCC_WARN_UNDECLARED_SELECTOR = YES;
				GCC_WARN_UNINITIALIZED_AUTOS = YES_AGGRESSIVE;
				GCC_WARN_UNUSED_FUNCTION = YES;
				GCC_WARN_UNUSED_VARIABLE = YES;
				IPHONEOS_DEPLOYMENT_TARGET = 10.3;
				MTL_ENABLE_DEBUG_INFO = YES;
				ONLY_ACTIVE_ARCH = YES;
				SDKROOT = iphoneos;
				SWIFT_ACTIVE_COMPILATION_CONDITIONS = DEBUG;
				SWIFT_OPTIMIZATION_LEVEL = "-Onone";
				TARGETED_DEVICE_FAMILY = "1,2";
			};
			name = Debug;
		};
		F93E29F81EE87FFB00841C74 /* Release */ = {
			isa = XCBuildConfiguration;
			buildSettings = {
				ALWAYS_SEARCH_USER_PATHS = NO;
				CLANG_ANALYZER_NONNULL = YES;
				CLANG_ANALYZER_NUMBER_OBJECT_CONVERSION = YES_AGGRESSIVE;
				CLANG_CXX_LANGUAGE_STANDARD = "gnu++0x";
				CLANG_CXX_LIBRARY = "libc++";
				CLANG_ENABLE_MODULES = YES;
				CLANG_ENABLE_OBJC_ARC = YES;
				CLANG_WARN_BOOL_CONVERSION = YES;
				CLANG_WARN_CONSTANT_CONVERSION = YES;
				CLANG_WARN_DIRECT_OBJC_ISA_USAGE = YES_ERROR;
				CLANG_WARN_DOCUMENTATION_COMMENTS = YES;
				CLANG_WARN_EMPTY_BODY = YES;
				CLANG_WARN_ENUM_CONVERSION = YES;
				CLANG_WARN_INFINITE_RECURSION = YES;
				CLANG_WARN_INT_CONVERSION = YES;
				CLANG_WARN_OBJC_ROOT_CLASS = YES_ERROR;
				CLANG_WARN_SUSPICIOUS_MOVE = YES;
				CLANG_WARN_UNREACHABLE_CODE = YES;
				CLANG_WARN__DUPLICATE_METHOD_MATCH = YES;
				"CODE_SIGN_IDENTITY[sdk=iphoneos*]" = "iPhone Developer";
				COPY_PHASE_STRIP = NO;
				DEBUG_INFORMATION_FORMAT = "dwarf-with-dsym";
				ENABLE_NS_ASSERTIONS = NO;
				ENABLE_STRICT_OBJC_MSGSEND = YES;
				GCC_C_LANGUAGE_STANDARD = gnu99;
				GCC_NO_COMMON_BLOCKS = YES;
				GCC_WARN_64_TO_32_BIT_CONVERSION = YES;
				GCC_WARN_ABOUT_RETURN_TYPE = YES_ERROR;
				GCC_WARN_UNDECLARED_SELECTOR = YES;
				GCC_WARN_UNINITIALIZED_AUTOS = YES_AGGRESSIVE;
				GCC_WARN_UNUSED_FUNCTION = YES;
				GCC_WARN_UNUSED_VARIABLE = YES;
				IPHONEOS_DEPLOYMENT_TARGET = 10.3;
				MTL_ENABLE_DEBUG_INFO = NO;
				SDKROOT = iphoneos;
				SWIFT_OPTIMIZATION_LEVEL = "-Owholemodule";
				TARGETED_DEVICE_FAMILY = "1,2";
				VALIDATE_PRODUCT = YES;
			};
			name = Release;
		};
		F93E29FA1EE87FFB00841C74 /* Debug */ = {
			isa = XCBuildConfiguration;
			buildSettings = {
				ASSETCATALOG_COMPILER_APPICON_NAME = AppIcon;
				INFOPLIST_FILE = JSON_IOS/Info.plist;
				LD_RUNPATH_SEARCH_PATHS = "$(inherited) @executable_path/Frameworks";
				PRODUCT_BUNDLE_IDENTIFIER = "sjsu.edu.JSON-IOS";
				PRODUCT_NAME = "$(TARGET_NAME)";
				SWIFT_VERSION = 3.0;
			};
			name = Debug;
		};
		F93E29FB1EE87FFB00841C74 /* Release */ = {
			isa = XCBuildConfiguration;
			buildSettings = {
				ASSETCATALOG_COMPILER_APPICON_NAME = AppIcon;
				INFOPLIST_FILE = JSON_IOS/Info.plist;
				LD_RUNPATH_SEARCH_PATHS = "$(inherited) @executable_path/Frameworks";
				PRODUCT_BUNDLE_IDENTIFIER = "sjsu.edu.JSON-IOS";
				PRODUCT_NAME = "$(TARGET_NAME)";
				SWIFT_VERSION = 3.0;
			};
			name = Release;
		};
		F93E29FD1EE87FFB00841C74 /* Debug */ = {
			isa = XCBuildConfiguration;
			buildSettings = {
				ALWAYS_EMBED_SWIFT_STANDARD_LIBRARIES = YES;
				BUNDLE_LOADER = "$(TEST_HOST)";
				INFOPLIST_FILE = JSON_IOSTests/Info.plist;
				LD_RUNPATH_SEARCH_PATHS = "$(inherited) @executable_path/Frameworks @loader_path/Frameworks";
				PRODUCT_BUNDLE_IDENTIFIER = "sjsu.edu.JSON-IOSTests";
				PRODUCT_NAME = "$(TARGET_NAME)";
				SWIFT_VERSION = 3.0;
				TEST_HOST = "$(BUILT_PRODUCTS_DIR)/JSON_IOS.app/JSON_IOS";
			};
			name = Debug;
		};
		F93E29FE1EE87FFB00841C74 /* Release */ = {
			isa = XCBuildConfiguration;
			buildSettings = {
				ALWAYS_EMBED_SWIFT_STANDARD_LIBRARIES = YES;
				BUNDLE_LOADER = "$(TEST_HOST)";
				INFOPLIST_FILE = JSON_IOSTests/Info.plist;
				LD_RUNPATH_SEARCH_PATHS = "$(inherited) @executable_path/Frameworks @loader_path/Frameworks";
				PRODUCT_BUNDLE_IDENTIFIER = "sjsu.edu.JSON-IOSTests";
				PRODUCT_NAME = "$(TARGET_NAME)";
				SWIFT_VERSION = 3.0;
				TEST_HOST = "$(BUILT_PRODUCTS_DIR)/JSON_IOS.app/JSON_IOS";
			};
			name = Release;
		};
		F93E2A001EE87FFB00841C74 /* Debug */ = {
			isa = XCBuildConfiguration;
			buildSettings = {
				ALWAYS_EMBED_SWIFT_STANDARD_LIBRARIES = YES;
				INFOPLIST_FILE = JSON_IOSUITests/Info.plist;
				LD_RUNPATH_SEARCH_PATHS = "$(inherited) @executable_path/Frameworks @loader_path/Frameworks";
				PRODUCT_BUNDLE_IDENTIFIER = "sjsu.edu.JSON-IOSUITests";
				PRODUCT_NAME = "$(TARGET_NAME)";
				SWIFT_VERSION = 3.0;
				TEST_TARGET_NAME = JSON_IOS;
			};
			name = Debug;
		};
		F93E2A011EE87FFB00841C74 /* Release */ = {
			isa = XCBuildConfiguration;
			buildSettings = {
				ALWAYS_EMBED_SWIFT_STANDARD_LIBRARIES = YES;
				INFOPLIST_FILE = JSON_IOSUITests/Info.plist;
				LD_RUNPATH_SEARCH_PATHS = "$(inherited) @executable_path/Frameworks @loader_path/Frameworks";
				PRODUCT_BUNDLE_IDENTIFIER = "sjsu.edu.JSON-IOSUITests";
				PRODUCT_NAME = "$(TARGET_NAME)";
				SWIFT_VERSION = 3.0;
				TEST_TARGET_NAME = JSON_IOS;
			};
			name = Release;
		};
/* End XCBuildConfiguration section */

/* Begin XCConfigurationList section */
		F93E29C91EE87FF700841C74 /* Build configuration list for PBXProject "JSON_IOS" */ = {
			isa = XCConfigurationList;
			buildConfigurations = (
				F93E29F71EE87FFB00841C74 /* Debug */,
				F93E29F81EE87FFB00841C74 /* Release */,
			);
			defaultConfigurationIsVisible = 0;
			defaultConfigurationName = Release;
		};
		F93E29F91EE87FFB00841C74 /* Build configuration list for PBXNativeTarget "JSON_IOS" */ = {
			isa = XCConfigurationList;
			buildConfigurations = (
				F93E29FA1EE87FFB00841C74 /* Debug */,
				F93E29FB1EE87FFB00841C74 /* Release */,
			);
			defaultConfigurationIsVisible = 0;
		};
		F93E29FC1EE87FFB00841C74 /* Build configuration list for PBXNativeTarget "JSON_IOSTests" */ = {
			isa = XCConfigurationList;
			buildConfigurations = (
				F93E29FD1EE87FFB00841C74 /* Debug */,
				F93E29FE1EE87FFB00841C74 /* Release */,
			);
			defaultConfigurationIsVisible = 0;
		};
		F93E29FF1EE87FFB00841C74 /* Build configuration list for PBXNativeTarget "JSON_IOSUITests" */ = {
			isa = XCConfigurationList;
			buildConfigurations = (
				F93E2A001EE87FFB00841C74 /* Debug */,
				F93E2A011EE87FFB00841C74 /* Release */,
			);
			defaultConfigurationIsVisible = 0;
		};
/* End XCConfigurationList section */

/* Begin XCVersionGroup section */
		F93E29D81EE87FF900841C74 /* JSON_IOS.xcdatamodeld */ = {
			isa = XCVersionGroup;
			children = (
				F93E29D91EE87FF900841C74 /* JSON_IOS.xcdatamodel */,
			);
			currentVersion = F93E29D91EE87FF900841C74 /* JSON_IOS.xcdatamodel */;
			path = JSON_IOS.xcdatamodeld;
			sourceTree = "<group>";
			versionGroupType = wrapper.xcdatamodel;
		};
/* End XCVersionGroup section */
	};
	rootObject = F93E29C61EE87FF700841C74 /* Project object */;
}
